
Microsoft Visual Studio Solution File, Format Version 12.00
# Visual Studio Version 17
VisualStudioVersion = 17.4.33205.214
MinimumVisualStudioVersion = 10.0.40219.1
Project("{FAE04EC0-301F-11D3-BF4B-00C04F79EFBC}") = "FuelStations.UWP", "FuelStations\FuelStations.UWP\FuelStations.UWP.csproj", "{0217D064-FA9C-4915-90FF-0A72639F8CA8}"
EndProject
Project("{FAE04EC0-301F-11D3-BF4B-00C04F79EFBC}") = "FuelStations.Android", "FuelStations\FuelStations.Android\FuelStations.Android.csproj", "{84BE3924-5133-474A-86B1-9CD6DC7B08CB}"
EndProject
Project("{FAE04EC0-301F-11D3-BF4B-00C04F79EFBC}") = "FuelStations.iOS", "FuelStations\FuelStations.iOS\FuelStations.iOS.csproj", "{10A18B5B-F1B2-4637-9CD1-0418F537ED7B}"
EndProject
Project("{FAE04EC0-301F-11D3-BF4B-00C04F79EFBC}") = "FuelStations", "FuelStations\FuelStations\FuelStations.csproj", "{B1AA349C-F006-4427-AF8C-F87B8A61DAA1}"
EndProject
Project("{FAE04EC0-301F-11D3-BF4B-00C04F79EFBC}") = "Api", "Api\Api.csproj", "{23FF109F-D26A-42C8-88D6-CDE59C16A37C}"
EndProject
Global
	GlobalSection(SolutionConfigurationPlatforms) = preSolution
		Debug|Any CPU = Debug|Any CPU
		Debug|ARM = Debug|ARM
		Debug|iPhone = Debug|iPhone
		Debug|iPhoneSimulator = Debug|iPhoneSimulator
		Debug|x64 = Debug|x64
		Debug|x86 = Debug|x86
		Release|Any CPU = Release|Any CPU
		Release|ARM = Release|ARM
		Release|iPhone = Release|iPhone
		Release|iPhoneSimulator = Release|iPhoneSimulator
		Release|x64 = Release|x64
		Release|x86 = Release|x86
	EndGlobalSection
	GlobalSection(ProjectConfigurationPlatforms) = postSolution
		{0217D064-FA9C-4915-90FF-0A72639F8CA8}.Debug|Any CPU.ActiveCfg = Debug|x64
		{0217D064-FA9C-4915-90FF-0A72639F8CA8}.Debug|Any CPU.Build.0 = Debug|x64
		{0217D064-FA9C-4915-90FF-0A72639F8CA8}.Debug|Any CPU.Deploy.0 = Debug|x64
		{0217D064-FA9C-4915-90FF-0A72639F8CA8}.Debug|ARM.ActiveCfg = Debug|ARM
		{0217D064-FA9C-4915-90FF-0A72639F8CA8}.Debug|ARM.Build.0 = Debug|ARM
		{0217D064-FA9C-4915-90FF-0A72639F8CA8}.Debug|ARM.Deploy.0 = Debug|ARM
		{0217D064-FA9C-4915-90FF-0A72639F8CA8}.Debug|iPhone.ActiveCfg = Debug|x64
		{0217D064-FA9C-4915-90FF-0A72639F8CA8}.Debug|iPhone.Build.0 = Debug|x64
		{0217D064-FA9C-4915-90FF-0A72639F8CA8}.Debug|iPhone.Deploy.0 = Debug|x64
		{0217D064-FA9C-4915-90FF-0A72639F8CA8}.Debug|iPhoneSimulator.ActiveCfg = Debug|x64
		{0217D064-FA9C-4915-90FF-0A72639F8CA8}.Debug|iPhoneSimulator.Build.0 = Debug|x64
		{0217D064-FA9C-4915-90FF-0A72639F8CA8}.Debug|iPhoneSimulator.Deploy.0 = Debug|x64
		{0217D064-FA9C-4915-90FF-0A72639F8CA8}.Debug|x64.ActiveCfg = Debug|x64
		{0217D064-FA9C-4915-90FF-0A72639F8CA8}.Debug|x64.Build.0 = Debug|x64
		{0217D064-FA9C-4915-90FF-0A72639F8CA8}.Debug|x64.Deploy.0 = Debug|x64
		{0217D064-FA9C-4915-90FF-0A72639F8CA8}.Debug|x86.ActiveCfg = Debug|x86
		{0217D064-FA9C-4915-90FF-0A72639F8CA8}.Debug|x86.Build.0 = Debug|x86
		{0217D064-FA9C-4915-90FF-0A72639F8CA8}.Debug|x86.Deploy.0 = Debug|x86
		{0217D064-FA9C-4915-90FF-0A72639F8CA8}.Release|Any CPU.ActiveCfg = Release|x64
		{0217D064-FA9C-4915-90FF-0A72639F8CA8}.Release|Any CPU.Build.0 = Release|x64
		{0217D064-FA9C-4915-90FF-0A72639F8CA8}.Release|Any CPU.Deploy.0 = Release|x64
		{0217D064-FA9C-4915-90FF-0A72639F8CA8}.Release|ARM.ActiveCfg = Release|ARM
		{0217D064-FA9C-4915-90FF-0A72639F8CA8}.Release|ARM.Build.0 = Release|ARM
		{0217D064-FA9C-4915-90FF-0A72639F8CA8}.Release|ARM.Deploy.0 = Release|ARM
		{0217D064-FA9C-4915-90FF-0A72639F8CA8}.Release|iPhone.ActiveCfg = Release|x64
		{0217D064-FA9C-4915-90FF-0A72639F8CA8}.Release|iPhone.Build.0 = Release|x64
		{0217D064-FA9C-4915-90FF-0A72639F8CA8}.Release|iPhone.Deploy.0 = Release|x64
		{0217D064-FA9C-4915-90FF-0A72639F8CA8}.Release|iPhoneSimulator.ActiveCfg = Release|x64
		{0217D064-FA9C-4915-90FF-0A72639F8CA8}.Release|iPhoneSimulator.Build.0 = Release|x64
		{0217D064-FA9C-4915-90FF-0A72639F8CA8}.Release|iPhoneSimulator.Deploy.0 = Release|x64
		{0217D064-FA9C-4915-90FF-0A72639F8CA8}.Release|x64.ActiveCfg = Release|x64
		{0217D064-FA9C-4915-90FF-0A72639F8CA8}.Release|x64.Build.0 = Release|x64
		{0217D064-FA9C-4915-90FF-0A72639F8CA8}.Release|x64.Deploy.0 = Release|x64
		{0217D064-FA9C-4915-90FF-0A72639F8CA8}.Release|x86.ActiveCfg = Release|x86
		{0217D064-FA9C-4915-90FF-0A72639F8CA8}.Release|x86.Build.0 = Release|x86
		{0217D064-FA9C-4915-90FF-0A72639F8CA8}.Release|x86.Deploy.0 = Release|x86
		{84BE3924-5133-474A-86B1-9CD6DC7B08CB}.Debug|Any CPU.ActiveCfg = Debug|Any CPU
		{84BE3924-5133-474A-86B1-9CD6DC7B08CB}.Debug|Any CPU.Build.0 = Debug|Any CPU
		{84BE3924-5133-474A-86B1-9CD6DC7B08CB}.Debug|Any CPU.Deploy.0 = Debug|Any CPU
		{84BE3924-5133-474A-86B1-9CD6DC7B08CB}.Debug|ARM.ActiveCfg = Debug|Any CPU
		{84BE3924-5133-474A-86B1-9CD6DC7B08CB}.Debug|ARM.Build.0 = Debug|Any CPU
		{84BE3924-5133-474A-86B1-9CD6DC7B08CB}.Debug|ARM.Deploy.0 = Debug|Any CPU
		{84BE3924-5133-474A-86B1-9CD6DC7B08CB}.Debug|iPhone.ActiveCfg = Debug|Any CPU
		{84BE3924-5133-474A-86B1-9CD6DC7B08CB}.Debug|iPhone.Build.0 = Debug|Any CPU
		{84BE3924-5133-474A-86B1-9CD6DC7B08CB}.Debug|iPhone.Deploy.0 = Debug|Any CPU
		{84BE3924-5133-474A-86B1-9CD6DC7B08CB}.Debug|iPhoneSimulator.ActiveCfg = Debug|Any CPU
		{84BE3924-5133-474A-86B1-9CD6DC7B08CB}.Debug|iPhoneSimulator.Build.0 = Debug|Any CPU
		{84BE3924-5133-474A-86B1-9CD6DC7B08CB}.Debug|iPhoneSimulator.Deploy.0 = Debug|Any CPU
		{84BE3924-5133-474A-86B1-9CD6DC7B08CB}.Debug|x64.ActiveCfg = Debug|Any CPU
		{84BE3924-5133-474A-86B1-9CD6DC7B08CB}.Debug|x64.Build.0 = Debug|Any CPU
		{84BE3924-5133-474A-86B1-9CD6DC7B08CB}.Debug|x64.Deploy.0 = Debug|Any CPU
		{84BE3924-5133-474A-86B1-9CD6DC7B08CB}.Debug|x86.ActiveCfg = Debug|Any CPU
		{84BE3924-5133-474A-86B1-9CD6DC7B08CB}.Debug|x86.Build.0 = Debug|Any CPU
		{84BE3924-5133-474A-86B1-9CD6DC7B08CB}.Debug|x86.Deploy.0 = Debug|Any CPU
		{84BE3924-5133-474A-86B1-9CD6DC7B08CB}.Release|Any CPU.ActiveCfg = Release|Any CPU
		{84BE3924-5133-474A-86B1-9CD6DC7B08CB}.Release|Any CPU.Build.0 = Release|Any CPU
		{84BE3924-5133-474A-86B1-9CD6DC7B08CB}.Release|Any CPU.Deploy.0 = Release|Any CPU
		{84BE3924-5133-474A-86B1-9CD6DC7B08CB}.Release|ARM.ActiveCfg = Release|Any CPU
		{84BE3924-5133-474A-86B1-9CD6DC7B08CB}.Release|ARM.Build.0 = Release|Any CPU
		{84BE3924-5133-474A-86B1-9CD6DC7B08CB}.Release|ARM.Deploy.0 = Release|Any CPU
		{84BE3924-5133-474A-86B1-9CD6DC7B08CB}.Release|iPhone.ActiveCfg = Release|Any CPU
		{84BE3924-5133-474A-86B1-9CD6DC7B08CB}.Release|iPhone.Build.0 = Release|Any CPU
		{84BE3924-5133-474A-86B1-9CD6DC7B08CB}.Release|iPhone.Deploy.0 = Release|Any CPU
		{84BE3924-5133-474A-86B1-9CD6DC7B08CB}.Release|iPhoneSimulator.ActiveCfg = Release|Any CPU
		{84BE3924-5133-474A-86B1-9CD6DC7B08CB}.Release|iPhoneSimulator.Build.0 = Release|Any CPU
		{84BE3924-5133-474A-86B1-9CD6DC7B08CB}.Release|iPhoneSimulator.Deploy.0 = Release|Any CPU
		{84BE3924-5133-474A-86B1-9CD6DC7B08CB}.Release|x64.ActiveCfg = Release|Any CPU
		{84BE3924-5133-474A-86B1-9CD6DC7B08CB}.Release|x64.Build.0 = Release|Any CPU
		{84BE3924-5133-474A-86B1-9CD6DC7B08CB}.Release|x64.Deploy.0 = Release|Any CPU
		{84BE3924-5133-474A-86B1-9CD6DC7B08CB}.Release|x86.ActiveCfg = Release|Any CPU
		{84BE3924-5133-474A-86B1-9CD6DC7B08CB}.Release|x86.Build.0 = Release|Any CPU
		{84BE3924-5133-474A-86B1-9CD6DC7B08CB}.Release|x86.Deploy.0 = Release|Any CPU
		{10A18B5B-F1B2-4637-9CD1-0418F537ED7B}.Debug|Any CPU.ActiveCfg = Debug|iPhoneSimulator
		{10A18B5B-F1B2-4637-9CD1-0418F537ED7B}.Debug|Any CPU.Build.0 = Debug|iPhoneSimulator
		{10A18B5B-F1B2-4637-9CD1-0418F537ED7B}.Debug|Any CPU.Deploy.0 = Debug|iPhoneSimulator
		{10A18B5B-F1B2-4637-9CD1-0418F537ED7B}.Debug|ARM.ActiveCfg = Debug|iPhoneSimulator
		{10A18B5B-F1B2-4637-9CD1-0418F537ED7B}.Debug|ARM.Build.0 = Debug|iPhoneSimulator
		{10A18B5B-F1B2-4637-9CD1-0418F537ED7B}.Debug|ARM.Deploy.0 = Debug|iPhoneSimulator
		{10A18B5B-F1B2-4637-9CD1-0418F537ED7B}.Debug|iPhone.ActiveCfg = Debug|iPhone
		{10A18B5B-F1B2-4637-9CD1-0418F537ED7B}.Debug|iPhone.Build.0 = Debug|iPhone
		{10A18B5B-F1B2-4637-9CD1-0418F537ED7B}.Debug|iPhone.Deploy.0 = Debug|iPhone
		{10A18B5B-F1B2-4637-9CD1-0418F537ED7B}.Debug|iPhoneSimulator.ActiveCfg = Debug|iPhoneSimulator
		{10A18B5B-F1B2-4637-9CD1-0418F537ED7B}.Debug|iPhoneSimulator.Build.0 = Debug|iPhoneSimulator
		{10A18B5B-F1B2-4637-9CD1-0418F537ED7B}.Debug|iPhoneSimulator.Deploy.0 = Debug|iPhoneSimulator
		{10A18B5B-F1B2-4637-9CD1-0418F537ED7B}.Debug|x64.ActiveCfg = Debug|iPhone
		{10A18B5B-F1B2-4637-9CD1-0418F537ED7B}.Debug|x64.Build.0 = Debug|iPhone
		{10A18B5B-F1B2-4637-9CD1-0418F537ED7B}.Debug|x64.Deploy.0 = Debug|iPhone
		{10A18B5B-F1B2-4637-9CD1-0418F537ED7B}.Debug|x86.ActiveCfg = Debug|iPhoneSimulator
		{10A18B5B-F1B2-4637-9CD1-0418F537ED7B}.Debug|x86.Build.0 = Debug|iPhoneSimulator
		{10A18B5B-F1B2-4637-9CD1-0418F537ED7B}.Debug|x86.Deploy.0 = Debug|iPhoneSimulator
		{10A18B5B-F1B2-4637-9CD1-0418F537ED7B}.Release|Any CPU.ActiveCfg = Release|iPhoneSimulator
		{10A18B5B-F1B2-4637-9CD1-0418F537ED7B}.Release|Any CPU.Build.0 = Release|iPhoneSimulator
		{10A18B5B-F1B2-4637-9CD1-0418F537ED7B}.Release|Any CPU.Deploy.0 = Release|iPhoneSimulator
		{10A18B5B-F1B2-4637-9CD1-0418F537ED7B}.Release|ARM.ActiveCfg = Release|iPhoneSimulator
		{10A18B5B-F1B2-4637-9CD1-0418F537ED7B}.Release|ARM.Build.0 = Release|iPhoneSimulator
		{10A18B5B-F1B2-4637-9CD1-0418F537ED7B}.Release|ARM.Deploy.0 = Release|iPhoneSimulator
		{10A18B5B-F1B2-4637-9CD1-0418F537ED7B}.Release|iPhone.ActiveCfg = Release|iPhone
		{10A18B5B-F1B2-4637-9CD1-0418F537ED7B}.Release|iPhone.Build.0 = Release|iPhone
		{10A18B5B-F1B2-4637-9CD1-0418F537ED7B}.Release|iPhone.Deploy.0 = Release|iPhone
		{10A18B5B-F1B2-4637-9CD1-0418F537ED7B}.Release|iPhoneSimulator.ActiveCfg = Release|iPhoneSimulator
		{10A18B5B-F1B2-4637-9CD1-0418F537ED7B}.Release|iPhoneSimulator.Build.0 = Release|iPhoneSimulator
		{10A18B5B-F1B2-4637-9CD1-0418F537ED7B}.Release|iPhoneSimulator.Deploy.0 = Release|iPhoneSimulator
		{10A18B5B-F1B2-4637-9CD1-0418F537ED7B}.Release|x64.ActiveCfg = Release|iPhoneSimulator
		{10A18B5B-F1B2-4637-9CD1-0418F537ED7B}.Release|x64.Build.0 = Release|iPhoneSimulator
		{10A18B5B-F1B2-4637-9CD1-0418F537ED7B}.Release|x64.Deploy.0 = Release|iPhoneSimulator
		{10A18B5B-F1B2-4637-9CD1-0418F537ED7B}.Release|x86.ActiveCfg = Release|iPhoneSimulator
		{10A18B5B-F1B2-4637-9CD1-0418F537ED7B}.Release|x86.Build.0 = Release|iPhoneSimulator
		{10A18B5B-F1B2-4637-9CD1-0418F537ED7B}.Release|x86.Deploy.0 = Release|iPhoneSimulator
		{B1AA349C-F006-4427-AF8C-F87B8A61DAA1}.Debug|Any CPU.ActiveCfg = Debug|Any CPU
		{B1AA349C-F006-4427-AF8C-F87B8A61DAA1}.Debug|Any CPU.Build.0 = Debug|Any CPU
		{B1AA349C-F006-4427-AF8C-F87B8A61DAA1}.Debug|Any CPU.Deploy.0 = Debug|Any CPU
		{B1AA349C-F006-4427-AF8C-F87B8A61DAA1}.Debug|ARM.ActiveCfg = Debug|Any CPU
		{B1AA349C-F006-4427-AF8C-F87B8A61DAA1}.Debug|ARM.Build.0 = Debug|Any CPU
		{B1AA349C-F006-4427-AF8C-F87B8A61DAA1}.Debug|ARM.Deploy.0 = Debug|Any CPU
		{B1AA349C-F006-4427-AF8C-F87B8A61DAA1}.Debug|iPhone.ActiveCfg = Debug|Any CPU
		{B1AA349C-F006-4427-AF8C-F87B8A61DAA1}.Debug|iPhone.Build.0 = Debug|Any CPU
		{B1AA349C-F006-4427-AF8C-F87B8A61DAA1}.Debug|iPhone.Deploy.0 = Debug|Any CPU
		{B1AA349C-F006-4427-AF8C-F87B8A61DAA1}.Debug|iPhoneSimulator.ActiveCfg = Debug|Any CPU
		{B1AA349C-F006-4427-AF8C-F87B8A61DAA1}.Debug|iPhoneSimulator.Build.0 = Debug|Any CPU
		{B1AA349C-F006-4427-AF8C-F87B8A61DAA1}.Debug|iPhoneSimulator.Deploy.0 = Debug|Any CPU
		{B1AA349C-F006-4427-AF8C-F87B8A61DAA1}.Debug|x64.ActiveCfg = Debug|Any CPU
		{B1AA349C-F006-4427-AF8C-F87B8A61DAA1}.Debug|x64.Build.0 = Debug|Any CPU
		{B1AA349C-F006-4427-AF8C-F87B8A61DAA1}.Debug|x64.Deploy.0 = Debug|Any CPU
		{B1AA349C-F006-4427-AF8C-F87B8A61DAA1}.Debug|x86.ActiveCfg = Debug|Any CPU
		{B1AA349C-F006-4427-AF8C-F87B8A61DAA1}.Debug|x86.Build.0 = Debug|Any CPU
		{B1AA349C-F006-4427-AF8C-F87B8A61DAA1}.Debug|x86.Deploy.0 = Debug|Any CPU
		{B1AA349C-F006-4427-AF8C-F87B8A61DAA1}.Release|Any CPU.ActiveCfg = Release|Any CPU
		{B1AA349C-F006-4427-AF8C-F87B8A61DAA1}.Release|Any CPU.Build.0 = Release|Any CPU
		{B1AA349C-F006-4427-AF8C-F87B8A61DAA1}.Release|Any CPU.Deploy.0 = Release|Any CPU
		{B1AA349C-F006-4427-AF8C-F87B8A61DAA1}.Release|ARM.ActiveCfg = Release|Any CPU
		{B1AA349C-F006-4427-AF8C-F87B8A61DAA1}.Release|ARM.Build.0 = Release|Any CPU
		{B1AA349C-F006-4427-AF8C-F87B8A61DAA1}.Release|ARM.Deploy.0 = Release|Any CPU
		{B1AA349C-F006-4427-AF8C-F87B8A61DAA1}.Release|iPhone.ActiveCfg = Release|Any CPU
		{B1AA349C-F006-4427-AF8C-F87B8A61DAA1}.Release|iPhone.Build.0 = Release|Any CPU
		{B1AA349C-F006-4427-AF8C-F87B8A61DAA1}.Release|iPhone.Deploy.0 = Release|Any CPU
		{B1AA349C-F006-4427-AF8C-F87B8A61DAA1}.Release|iPhoneSimulator.ActiveCfg = Release|Any CPU
		{B1AA349C-F006-4427-AF8C-F87B8A61DAA1}.Release|iPhoneSimulator.Build.0 = Release|Any CPU
		{B1AA349C-F006-4427-AF8C-F87B8A61DAA1}.Release|iPhoneSimulator.Deploy.0 = Release|Any CPU
		{B1AA349C-F006-4427-AF8C-F87B8A61DAA1}.Release|x64.ActiveCfg = Release|Any CPU
		{B1AA349C-F006-4427-AF8C-F87B8A61DAA1}.Release|x64.Build.0 = Release|Any CPU
		{B1AA349C-F006-4427-AF8C-F87B8A61DAA1}.Release|x64.Deploy.0 = Release|Any CPU
		{B1AA349C-F006-4427-AF8C-F87B8A61DAA1}.Release|x86.ActiveCfg = Release|Any CPU
		{B1AA349C-F006-4427-AF8C-F87B8A61DAA1}.Release|x86.Build.0 = Release|Any CPU
		{B1AA349C-F006-4427-AF8C-F87B8A61DAA1}.Release|x86.Deploy.0 = Release|Any CPU
		{23FF109F-D26A-42C8-88D6-CDE59C16A37C}.Debug|Any CPU.ActiveCfg = Debug|Any CPU
		{23FF109F-D26A-42C8-88D6-CDE59C16A37C}.Debug|Any CPU.Build.0 = Debug|Any CPU
		{23FF109F-D26A-42C8-88D6-CDE59C16A37C}.Debug|ARM.ActiveCfg = Debug|Any CPU
		{23FF109F-D26A-42C8-88D6-CDE59C16A37C}.Debug|ARM.Build.0 = Debug|Any CPU
		{23FF109F-D26A-42C8-88D6-CDE59C16A37C}.Debug|iPhone.ActiveCfg = Debug|Any CPU
		{23FF109F-D26A-42C8-88D6-CDE59C16A37C}.Debug|iPhone.Build.0 = Debug|Any CPU
		{23FF109F-D26A-42C8-88D6-CDE59C16A37C}.Debug|iPhoneSimulator.ActiveCfg = Debug|Any CPU
		{23FF109F-D26A-42C8-88D6-CDE59C16A37C}.Debug|iPhoneSimulator.Build.0 = Debug|Any CPU
		{23FF109F-D26A-42C8-88D6-CDE59C16A37C}.Debug|x64.ActiveCfg = Debug|Any CPU
		{23FF109F-D26A-42C8-88D6-CDE59C16A37C}.Debug|x64.Build.0 = Debug|Any CPU
		{23FF109F-D26A-42C8-88D6-CDE59C16A37C}.Debug|x86.ActiveCfg = Debug|Any CPU
		{23FF109F-D26A-42C8-88D6-CDE59C16A37C}.Debug|x86.Build.0 = Debug|Any CPU
		{23FF109F-D26A-42C8-88D6-CDE59C16A37C}.Release|Any CPU.ActiveCfg = Release|Any CPU
		{23FF109F-D26A-42C8-88D6-CDE59C16A37C}.Release|Any CPU.Build.0 = Release|Any CPU
		{23FF109F-D26A-42C8-88D6-CDE59C16A37C}.Release|ARM.ActiveCfg = Release|Any CPU
		{23FF109F-D26A-42C8-88D6-CDE59C16A37C}.Release|ARM.Build.0 = Release|Any CPU
		{23FF109F-D26A-42C8-88D6-CDE59C16A37C}.Release|iPhone.ActiveCfg = Release|Any CPU
		{23FF109F-D26A-42C8-88D6-CDE59C16A37C}.Release|iPhone.Build.0 = Release|Any CPU
		{23FF109F-D26A-42C8-88D6-CDE59C16A37C}.Release|iPhoneSimulator.ActiveCfg = Release|Any CPU
		{23FF109F-D26A-42C8-88D6-CDE59C16A37C}.Release|iPhoneSimulator.Build.0 = Release|Any CPU
		{23FF109F-D26A-42C8-88D6-CDE59C16A37C}.Release|x64.ActiveCfg = Release|Any CPU
		{23FF109F-D26A-42C8-88D6-CDE59C16A37C}.Release|x64.Build.0 = Release|Any CPU
		{23FF109F-D26A-42C8-88D6-CDE59C16A37C}.Release|x86.ActiveCfg = Release|Any CPU
		{23FF109F-D26A-42C8-88D6-CDE59C16A37C}.Release|x86.Build.0 = Release|Any CPU
	EndGlobalSection
	GlobalSection(SolutionProperties) = preSolution
		HideSolutionNode = FALSE
	EndGlobalSection
	GlobalSection(ExtensibilityGlobals) = postSolution
		SolutionGuid = {6EE1A8CE-FF0C-4A3C-9A31-138B599DA607}
	EndGlobalSection
EndGlobal
